
Microsoft Visual Studio Solution File, Format Version 12.00
# Visual Studio 15
VisualStudioVersion = 15.0.28307.489
MinimumVisualStudioVersion = 10.0.40219.1
Project("{FAE04EC0-301F-11D3-BF4B-00C04F79EFBC}") = "ChessBoard", "ChessBoard\ChessBoard.csproj", "{5DC1DCF7-8C3F-4AF2-B83E-88DEF90DD351}"
EndProject
Project("{FAE04EC0-301F-11D3-BF4B-00C04F79EFBC}") = "Tests", "Tests\Tests.csproj", "{EAB5FC2D-C16A-4A5E-AC74-7D24E705A0D9}"
EndProject
Global
	GlobalSection(SolutionConfigurationPlatforms) = preSolution
		Debug|Any CPU = Debug|Any CPU
		Release|Any CPU = Release|Any CPU
	EndGlobalSection
	GlobalSection(ProjectConfigurationPlatforms) = postSolution
		{5DC1DCF7-8C3F-4AF2-B83E-88DEF90DD351}.Debug|Any CPU.ActiveCfg = Debug|Any CPU
		{5DC1DCF7-8C3F-4AF2-B83E-88DEF90DD351}.Debug|Any CPU.Build.0 = Debug|Any CPU
		{5DC1DCF7-8C3F-4AF2-B83E-88DEF90DD351}.Release|Any CPU.ActiveCfg = Release|Any CPU
		{5DC1DCF7-8C3F-4AF2-B83E-88DEF90DD351}.Release|Any CPU.Build.0 = Release|Any CPU
		{EAB5FC2D-C16A-4A5E-AC74-7D24E705A0D9}.Debug|Any CPU.ActiveCfg = Debug|Any CPU
		{EAB5FC2D-C16A-4A5E-AC74-7D24E705A0D9}.Debug|Any CPU.Build.0 = Debug|Any CPU
		{EAB5FC2D-C16A-4A5E-AC74-7D24E705A0D9}.Release|Any CPU.ActiveCfg = Release|Any CPU
		{EAB5FC2D-C16A-4A5E-AC74-7D24E705A0D9}.Release|Any CPU.Build.0 = Release|Any CPU
	EndGlobalSection
	GlobalSection(SolutionProperties) = preSolution
		HideSolutionNode = FALSE
	EndGlobalSection
	GlobalSection(ExtensibilityGlobals) = postSolution
		SolutionGuid = {E3F61A4B-713A-4FEB-86E5-72FC7AAE11F1}
	EndGlobalSection
EndGlobal
